// !$*UTF8*$!
{
	archiveVersion = 1;
	classes = {
	};
	objectVersion = 46;
	objects = {

/* Begin PBXBuildFile section */
		1A3635D11E9D20B3003189AB /* ImageTableViewCell.swift in Sources */ = {isa = PBXBuildFile; fileRef = 1A3635D01E9D20B3003189AB /* ImageTableViewCell.swift */; };
		1A3635F91E9E02D7003189AB /* UserCell.swift in Sources */ = {isa = PBXBuildFile; fileRef = 1A3635F71E9E02D7003189AB /* UserCell.swift */; };
		1A3635FA1E9E02D7003189AB /* UserCell.xib in Resources */ = {isa = PBXBuildFile; fileRef = 1A3635F81E9E02D7003189AB /* UserCell.xib */; };
		1A4E27FB1E9BC504006DF5B5 /* UserTableViewCell.swift in Sources */ = {isa = PBXBuildFile; fileRef = 1A4E27FA1E9BC504006DF5B5 /* UserTableViewCell.swift */; };
		1A573F731E9B8603000F387B /* UserListViewController.swift in Sources */ = {isa = PBXBuildFile; fileRef = 1A573F721E9B8603000F387B /* UserListViewController.swift */; };
		6787A6EE1E9DC66200E091D3 /* ImageViewController.swift in Sources */ = {isa = PBXBuildFile; fileRef = 6787A6ED1E9DC66200E091D3 /* ImageViewController.swift */; };
		679688E21E9B88C0006675E5 /* Chat.swift in Sources */ = {isa = PBXBuildFile; fileRef = 679688E11E9B88C0006675E5 /* Chat.swift */; };
		679688E41E9B8A7F006675E5 /* User.swift in Sources */ = {isa = PBXBuildFile; fileRef = 679688E31E9B8A7F006675E5 /* User.swift */; };
		67E87D761E9B645D00772804 /* SignUpViewController.swift in Sources */ = {isa = PBXBuildFile; fileRef = 67E87D751E9B645D00772804 /* SignUpViewController.swift */; };
		67E87D7A1E9B648600772804 /* SignInViewController.swift in Sources */ = {isa = PBXBuildFile; fileRef = 67E87D791E9B648600772804 /* SignInViewController.swift */; };
		67FB98F51E977C120078BC0F /* AppDelegate.swift in Sources */ = {isa = PBXBuildFile; fileRef = 67FB98F41E977C120078BC0F /* AppDelegate.swift */; };
		67FB98F71E977C120078BC0F /* ViewController.swift in Sources */ = {isa = PBXBuildFile; fileRef = 67FB98F61E977C120078BC0F /* ViewController.swift */; };
		67FB98FA1E977C120078BC0F /* Main.storyboard in Resources */ = {isa = PBXBuildFile; fileRef = 67FB98F81E977C120078BC0F /* Main.storyboard */; };
		67FB98FC1E977C120078BC0F /* Assets.xcassets in Resources */ = {isa = PBXBuildFile; fileRef = 67FB98FB1E977C120078BC0F /* Assets.xcassets */; };
		67FB98FF1E977C120078BC0F /* LaunchScreen.storyboard in Resources */ = {isa = PBXBuildFile; fileRef = 67FB98FD1E977C120078BC0F /* LaunchScreen.storyboard */; };
		67FB99071E97843D0078BC0F /* ChatViewController.swift in Sources */ = {isa = PBXBuildFile; fileRef = 67FB99061E97843D0078BC0F /* ChatViewController.swift */; };
		67FB990B1E9789DB0078BC0F /* GoogleService-Info.plist in Resources */ = {isa = PBXBuildFile; fileRef = 67FB990A1E9789DB0078BC0F /* GoogleService-Info.plist */; };
		67FB990D1E978D800078BC0F /* Message.swift in Sources */ = {isa = PBXBuildFile; fileRef = 67FB990C1E978D800078BC0F /* Message.swift */; };
		67FB990F1E97929D0078BC0F /* ChatTableViewCell.swift in Sources */ = {isa = PBXBuildFile; fileRef = 67FB990E1E97929D0078BC0F /* ChatTableViewCell.swift */; };
		C414F433D49D6A2CCB8B77BD /* Pods_ChatApp.framework in Frameworks */ = {isa = PBXBuildFile; fileRef = D10788D2E7BB50C13C063FA0 /* Pods_ChatApp.framework */; };
/* End PBXBuildFile section */

/* Begin PBXFileReference section */
		1A3635D01E9D20B3003189AB /* ImageTableViewCell.swift */ = {isa = PBXFileReference; fileEncoding = 4; lastKnownFileType = sourcecode.swift; path = ImageTableViewCell.swift; sourceTree = "<group>"; };
		1A3635F71E9E02D7003189AB /* UserCell.swift */ = {isa = PBXFileReference; fileEncoding = 4; lastKnownFileType = sourcecode.swift; path = UserCell.swift; sourceTree = "<group>"; };
		1A3635F81E9E02D7003189AB /* UserCell.xib */ = {isa = PBXFileReference; fileEncoding = 4; lastKnownFileType = file.xib; path = UserCell.xib; sourceTree = "<group>"; };
		1A4E27FA1E9BC504006DF5B5 /* UserTableViewCell.swift */ = {isa = PBXFileReference; fileEncoding = 4; lastKnownFileType = sourcecode.swift; path = UserTableViewCell.swift; sourceTree = "<group>"; };
		1A573F721E9B8603000F387B /* UserListViewController.swift */ = {isa = PBXFileReference; fileEncoding = 4; lastKnownFileType = sourcecode.swift; path = UserListViewController.swift; sourceTree = "<group>"; };
		6787A6ED1E9DC66200E091D3 /* ImageViewController.swift */ = {isa = PBXFileReference; fileEncoding = 4; lastKnownFileType = sourcecode.swift; path = ImageViewController.swift; sourceTree = "<group>"; };
		679688E11E9B88C0006675E5 /* Chat.swift */ = {isa = PBXFileReference; fileEncoding = 4; lastKnownFileType = sourcecode.swift; path = Chat.swift; sourceTree = "<group>"; };
		679688E31E9B8A7F006675E5 /* User.swift */ = {isa = PBXFileReference; fileEncoding = 4; lastKnownFileType = sourcecode.swift; path = User.swift; sourceTree = "<group>"; };
		67E87D751E9B645D00772804 /* SignUpViewController.swift */ = {isa = PBXFileReference; fileEncoding = 4; lastKnownFileType = sourcecode.swift; path = SignUpViewController.swift; sourceTree = "<group>"; };
		67E87D791E9B648600772804 /* SignInViewController.swift */ = {isa = PBXFileReference; fileEncoding = 4; lastKnownFileType = sourcecode.swift; path = SignInViewController.swift; sourceTree = "<group>"; };
		67FB98F11E977C120078BC0F /* ChatApp.app */ = {isa = PBXFileReference; explicitFileType = wrapper.application; includeInIndex = 0; path = ChatApp.app; sourceTree = BUILT_PRODUCTS_DIR; };
		67FB98F41E977C120078BC0F /* AppDelegate.swift */ = {isa = PBXFileReference; lastKnownFileType = sourcecode.swift; path = AppDelegate.swift; sourceTree = "<group>"; };
		67FB98F61E977C120078BC0F /* ViewController.swift */ = {isa = PBXFileReference; lastKnownFileType = sourcecode.swift; path = ViewController.swift; sourceTree = "<group>"; };
		67FB98F91E977C120078BC0F /* Base */ = {isa = PBXFileReference; lastKnownFileType = file.storyboard; name = Base; path = Base.lproj/Main.storyboard; sourceTree = "<group>"; };
		67FB98FB1E977C120078BC0F /* Assets.xcassets */ = {isa = PBXFileReference; lastKnownFileType = folder.assetcatalog; path = Assets.xcassets; sourceTree = "<group>"; };
		67FB98FE1E977C120078BC0F /* Base */ = {isa = PBXFileReference; lastKnownFileType = file.storyboard; name = Base; path = Base.lproj/LaunchScreen.storyboard; sourceTree = "<group>"; };
		67FB99001E977C120078BC0F /* Info.plist */ = {isa = PBXFileReference; lastKnownFileType = text.plist.xml; path = Info.plist; sourceTree = "<group>"; };
		67FB99061E97843D0078BC0F /* ChatViewController.swift */ = {isa = PBXFileReference; fileEncoding = 4; lastKnownFileType = sourcecode.swift; path = ChatViewController.swift; sourceTree = "<group>"; };
		67FB990A1E9789DB0078BC0F /* GoogleService-Info.plist */ = {isa = PBXFileReference; fileEncoding = 4; lastKnownFileType = text.plist.xml; path = "GoogleService-Info.plist"; sourceTree = "<group>"; };
		67FB990C1E978D800078BC0F /* Message.swift */ = {isa = PBXFileReference; fileEncoding = 4; lastKnownFileType = sourcecode.swift; path = Message.swift; sourceTree = "<group>"; };
		67FB990E1E97929D0078BC0F /* ChatTableViewCell.swift */ = {isa = PBXFileReference; fileEncoding = 4; lastKnownFileType = sourcecode.swift; path = ChatTableViewCell.swift; sourceTree = "<group>"; };
		B1AB444EB1BE563BAF22638A /* Pods-ChatApp.debug.xcconfig */ = {isa = PBXFileReference; includeInIndex = 1; lastKnownFileType = text.xcconfig; name = "Pods-ChatApp.debug.xcconfig"; path = "Pods/Target Support Files/Pods-ChatApp/Pods-ChatApp.debug.xcconfig"; sourceTree = "<group>"; };
		D10788D2E7BB50C13C063FA0 /* Pods_ChatApp.framework */ = {isa = PBXFileReference; explicitFileType = wrapper.framework; includeInIndex = 0; path = Pods_ChatApp.framework; sourceTree = BUILT_PRODUCTS_DIR; };
		F121E5B5C0E75805B41C6BF6 /* Pods-ChatApp.release.xcconfig */ = {isa = PBXFileReference; includeInIndex = 1; lastKnownFileType = text.xcconfig; name = "Pods-ChatApp.release.xcconfig"; path = "Pods/Target Support Files/Pods-ChatApp/Pods-ChatApp.release.xcconfig"; sourceTree = "<group>"; };
/* End PBXFileReference section */

/* Begin PBXFrameworksBuildPhase section */
		67FB98EE1E977C120078BC0F /* Frameworks */ = {
			isa = PBXFrameworksBuildPhase;
			buildActionMask = 2147483647;
			files = (
				C414F433D49D6A2CCB8B77BD /* Pods_ChatApp.framework in Frameworks */,
			);
			runOnlyForDeploymentPostprocessing = 0;
		};
/* End PBXFrameworksBuildPhase section */

/* Begin PBXGroup section */
		405657D1C472680EB22E8205 /* Pods */ = {
			isa = PBXGroup;
			children = (
				B1AB444EB1BE563BAF22638A /* Pods-ChatApp.debug.xcconfig */,
				F121E5B5C0E75805B41C6BF6 /* Pods-ChatApp.release.xcconfig */,
			);
			name = Pods;
			sourceTree = "<group>";
		};
		67FB98E81E977C120078BC0F = {
			isa = PBXGroup;
			children = (
				67FB98F31E977C120078BC0F /* ChatApp */,
				67FB98F21E977C120078BC0F /* Products */,
				405657D1C472680EB22E8205 /* Pods */,
				72DE9874AE5723FD2D9DED79 /* Frameworks */,
			);
			sourceTree = "<group>";
		};
		67FB98F21E977C120078BC0F /* Products */ = {
			isa = PBXGroup;
			children = (
				67FB98F11E977C120078BC0F /* ChatApp.app */,
			);
			name = Products;
			sourceTree = "<group>";
		};
		67FB98F31E977C120078BC0F /* ChatApp */ = {
			isa = PBXGroup;
			children = (
				67FB98F61E977C120078BC0F /* ViewController.swift */,
				1A4E27FA1E9BC504006DF5B5 /* UserTableViewCell.swift */,
				67FB98F41E977C120078BC0F /* AppDelegate.swift */,
				679688E11E9B88C0006675E5 /* Chat.swift */,
				679688E31E9B8A7F006675E5 /* User.swift */,
				1A3635F71E9E02D7003189AB /* UserCell.swift */,
				1A3635F81E9E02D7003189AB /* UserCell.xib */,
				67FB990E1E97929D0078BC0F /* ChatTableViewCell.swift */,
				67FB990C1E978D800078BC0F /* Message.swift */,
				1A3635D01E9D20B3003189AB /* ImageTableViewCell.swift */,
				67E87D791E9B648600772804 /* SignInViewController.swift */,
				67E87D751E9B645D00772804 /* SignUpViewController.swift */,
				1A573F721E9B8603000F387B /* UserListViewController.swift */,
				67FB99061E97843D0078BC0F /* ChatViewController.swift */,
				6787A6ED1E9DC66200E091D3 /* ImageViewController.swift */,
				67FB98F81E977C120078BC0F /* Main.storyboard */,
				67FB98FB1E977C120078BC0F /* Assets.xcassets */,
				67FB98FD1E977C120078BC0F /* LaunchScreen.storyboard */,
				67FB99001E977C120078BC0F /* Info.plist */,
				67FB990A1E9789DB0078BC0F /* GoogleService-Info.plist */,
			);
			path = ChatApp;
			sourceTree = "<group>";
		};
		72DE9874AE5723FD2D9DED79 /* Frameworks */ = {
			isa = PBXGroup;
			children = (
				D10788D2E7BB50C13C063FA0 /* Pods_ChatApp.framework */,
			);
			name = Frameworks;
			sourceTree = "<group>";
		};
/* End PBXGroup section */

/* Begin PBXNativeTarget section */
		67FB98F01E977C120078BC0F /* ChatApp */ = {
			isa = PBXNativeTarget;
			buildConfigurationList = 67FB99031E977C120078BC0F /* Build configuration list for PBXNativeTarget "ChatApp" */;
			buildPhases = (
				3520707951EBB98581095826 /* [CP] Check Pods Manifest.lock */,
				67FB98ED1E977C120078BC0F /* Sources */,
				67FB98EE1E977C120078BC0F /* Frameworks */,
				67FB98EF1E977C120078BC0F /* Resources */,
				3BE1DA76F2AA4BE36EF7A83C /* [CP] Embed Pods Frameworks */,
				E5307438CA74E39C9D8613F8 /* [CP] Copy Pods Resources */,
			);
			buildRules = (
			);
			dependencies = (
			);
			name = ChatApp;
			productName = ChatApp;
			productReference = 67FB98F11E977C120078BC0F /* ChatApp.app */;
			productType = "com.apple.product-type.application";
		};
/* End PBXNativeTarget section */

/* Begin PBXProject section */
		67FB98E91E977C120078BC0F /* Project object */ = {
			isa = PBXProject;
			attributes = {
				LastSwiftUpdateCheck = 0820;
				LastUpgradeCheck = 0820;
				ORGANIZATIONNAME = "Key + Max";
				TargetAttributes = {
					67FB98F01E977C120078BC0F = {
						CreatedOnToolsVersion = 8.2.1;
						ProvisioningStyle = Automatic;
					};
				};
			};
			buildConfigurationList = 67FB98EC1E977C120078BC0F /* Build configuration list for PBXProject "ChatApp" */;
			compatibilityVersion = "Xcode 3.2";
			developmentRegion = English;
			hasScannedForEncodings = 0;
			knownRegions = (
				en,
				Base,
			);
			mainGroup = 67FB98E81E977C120078BC0F;
			productRefGroup = 67FB98F21E977C120078BC0F /* Products */;
			projectDirPath = "";
			projectRoot = "";
			targets = (
				67FB98F01E977C120078BC0F /* ChatApp */,
			);
		};
/* End PBXProject section */

/* Begin PBXResourcesBuildPhase section */
		67FB98EF1E977C120078BC0F /* Resources */ = {
			isa = PBXResourcesBuildPhase;
			buildActionMask = 2147483647;
			files = (
				67FB98FF1E977C120078BC0F /* LaunchScreen.storyboard in Resources */,
				67FB990B1E9789DB0078BC0F /* GoogleService-Info.plist in Resources */,
				67FB98FC1E977C120078BC0F /* Assets.xcassets in Resources */,
				67FB98FA1E977C120078BC0F /* Main.storyboard in Resources */,
				1A3635FA1E9E02D7003189AB /* UserCell.xib in Resources */,
			);
			runOnlyForDeploymentPostprocessing = 0;
		};
/* End PBXResourcesBuildPhase section */

/* Begin PBXShellScriptBuildPhase section */
		3520707951EBB98581095826 /* [CP] Check Pods Manifest.lock */ = {
			isa = PBXShellScriptBuildPhase;
			buildActionMask = 2147483647;
			files = (
			);
			inputPaths = (
			);
			name = "[CP] Check Pods Manifest.lock";
			outputPaths = (
			);
			runOnlyForDeploymentPostprocessing = 0;
			shellPath = /bin/sh;
			shellScript = "diff \"${PODS_ROOT}/../Podfile.lock\" \"${PODS_ROOT}/Manifest.lock\" > /dev/null\nif [ $? != 0 ] ; then\n    # print error to STDERR\n    echo \"error: The sandbox is not in sync with the Podfile.lock. Run 'pod install' or update your CocoaPods installation.\" >&2\n    exit 1\nfi\n";
			showEnvVarsInLog = 0;
		};
		3BE1DA76F2AA4BE36EF7A83C /* [CP] Embed Pods Frameworks */ = {
			isa = PBXShellScriptBuildPhase;
			buildActionMask = 2147483647;
			files = (
			);
			inputPaths = (
			);
			name = "[CP] Embed Pods Frameworks";
			outputPaths = (
			);
			runOnlyForDeploymentPostprocessing = 0;
			shellPath = /bin/sh;
			shellScript = "\"${SRCROOT}/Pods/Target Support Files/Pods-ChatApp/Pods-ChatApp-frameworks.sh\"\n";
			showEnvVarsInLog = 0;
		};
		E5307438CA74E39C9D8613F8 /* [CP] Copy Pods Resources */ = {
			isa = PBXShellScriptBuildPhase;
			buildActionMask = 2147483647;
			files = (
			);
			inputPaths = (
			);
			name = "[CP] Copy Pods Resources";
			outputPaths = (
			);
			runOnlyForDeploymentPostprocessing = 0;
			shellPath = /bin/sh;
			shellScript = "\"${SRCROOT}/Pods/Target Support Files/Pods-ChatApp/Pods-ChatApp-resources.sh\"\n";
			showEnvVarsInLog = 0;
		};
/* End PBXShellScriptBuildPhase section */

/* Begin PBXSourcesBuildPhase section */
		67FB98ED1E977C120078BC0F /* Sources */ = {
			isa = PBXSourcesBuildPhase;
			buildActionMask = 2147483647;
			files = (
				67E87D7A1E9B648600772804 /* SignInViewController.swift in Sources */,
				1A573F731E9B8603000F387B /* UserListViewController.swift in Sources */,
				1A4E27FB1E9BC504006DF5B5 /* UserTableViewCell.swift in Sources */,
				67FB98F71E977C120078BC0F /* ViewController.swift in Sources */,
				67E87D761E9B645D00772804 /* SignUpViewController.swift in Sources */,
				67FB990D1E978D800078BC0F /* Message.swift in Sources */,
				1A3635F91E9E02D7003189AB /* UserCell.swift in Sources */,
				6787A6EE1E9DC66200E091D3 /* ImageViewController.swift in Sources */,
				67FB990F1E97929D0078BC0F /* ChatTableViewCell.swift in Sources */,
				679688E41E9B8A7F006675E5 /* User.swift in Sources */,
				679688E21E9B88C0006675E5 /* Chat.swift in Sources */,
				1A3635D11E9D20B3003189AB /* ImageTableViewCell.swift in Sources */,
				67FB99071E97843D0078BC0F /* ChatViewController.swift in Sources */,
				67FB98F51E977C120078BC0F /* AppDelegate.swift in Sources */,
			);
			runOnlyForDeploymentPostprocessing = 0;
		};
/* End PBXSourcesBuildPhase section */

/* Begin PBXVariantGroup section */
		67FB98F81E977C120078BC0F /* Main.storyboard */ = {
			isa = PBXVariantGroup;
			children = (
				67FB98F91E977C120078BC0F /* Base */,
			);
			name = Main.storyboard;
			sourceTree = "<group>";
		};
		67FB98FD1E977C120078BC0F /* LaunchScreen.storyboard */ = {
			isa = PBXVariantGroup;
			children = (
				67FB98FE1E977C120078BC0F /* Base */,
			);
			name = LaunchScreen.storyboard;
			sourceTree = "<group>";
		};
/* End PBXVariantGroup section */

/* Begin XCBuildConfiguration section */
		67FB99011E977C120078BC0F /* Debug */ = {
			isa = XCBuildConfiguration;
			buildSettings = {
				ALWAYS_SEARCH_USER_PATHS = NO;
				CLANG_ANALYZER_NONNULL = YES;
				CLANG_CXX_LANGUAGE_STANDARD = "gnu++0x";
				CLANG_CXX_LIBRARY = "libc++";
				CLANG_ENABLE_MODULES = YES;
				CLANG_ENABLE_OBJC_ARC = YES;
				CLANG_WARN_BOOL_CONVERSION = YES;
				CLANG_WARN_CONSTANT_CONVERSION = YES;
				CLANG_WARN_DIRECT_OBJC_ISA_USAGE = YES_ERROR;
				CLANG_WARN_DOCUMENTATION_COMMENTS = YES;
				CLANG_WARN_EMPTY_BODY = YES;
				CLANG_WARN_ENUM_CONVERSION = YES;
				CLANG_WARN_INFINITE_RECURSION = YES;
				CLANG_WARN_INT_CONVERSION = YES;
				CLANG_WARN_OBJC_ROOT_CLASS = YES_ERROR;
				CLANG_WARN_SUSPICIOUS_MOVE = YES;
				CLANG_WARN_UNREACHABLE_CODE = YES;
				CLANG_WARN__DUPLICATE_METHOD_MATCH = YES;
				"CODE_SIGN_IDENTITY[sdk=iphoneos*]" = "iPhone Developer";
				COPY_PHASE_STRIP = NO;
				DEBUG_INFORMATION_FORMAT = dwarf;
				ENABLE_STRICT_OBJC_MSGSEND = YES;
				ENABLE_TESTABILITY = YES;
				GCC_C_LANGUAGE_STANDARD = gnu99;
				GCC_DYNAMIC_NO_PIC = NO;
				GCC_NO_COMMON_BLOCKS = YES;
				GCC_OPTIMIZATION_LEVEL = 0;
				GCC_PREPROCESSOR_DEFINITIONS = (
					"DEBUG=1",
					"$(inherited)",
				);
				GCC_WARN_64_TO_32_BIT_CONVERSION = YES;
				GCC_WARN_ABOUT_RETURN_TYPE = YES_ERROR;
				GCC_WARN_UNDECLARED_SELECTOR = YES;
				GCC_WARN_UNINITIALIZED_AUTOS = YES_AGGRESSIVE;
				GCC_WARN_UNUSED_FUNCTION = YES;
				GCC_WARN_UNUSED_VARIABLE = YES;
				IPHONEOS_DEPLOYMENT_TARGET = 10.2;
				MTL_ENABLE_DEBUG_INFO = YES;
				ONLY_ACTIVE_ARCH = YES;
				SDKROOT = iphoneos;
				SWIFT_ACTIVE_COMPILATION_CONDITIONS = DEBUG;
				SWIFT_OPTIMIZATION_LEVEL = "-Onone";
			};
			name = Debug;
		};
		67FB99021E977C120078BC0F /* Release */ = {
			isa = XCBuildConfiguration;
			buildSettings = {
				ALWAYS_SEARCH_USER_PATHS = NO;
				CLANG_ANALYZER_NONNULL = YES;
				CLANG_CXX_LANGUAGE_STANDARD = "gnu++0x";
				CLANG_CXX_LIBRARY = "libc++";
				CLANG_ENABLE_MODULES = YES;
				CLANG_ENABLE_OBJC_ARC = YES;
				CLANG_WARN_BOOL_CONVERSION = YES;
				CLANG_WARN_CONSTANT_CONVERSION = YES;
				CLANG_WARN_DIRECT_OBJC_ISA_USAGE = YES_ERROR;
				CLANG_WARN_DOCUMENTATION_COMMENTS = YES;
				CLANG_WARN_EMPTY_BODY = YES;
				CLANG_WARN_ENUM_CONVERSION = YES;
				CLANG_WARN_INFINITE_RECURSION = YES;
				CLANG_WARN_INT_CONVERSION = YES;
				CLANG_WARN_OBJC_ROOT_CLASS = YES_ERROR;
				CLANG_WARN_SUSPICIOUS_MOVE = YES;
				CLANG_WARN_UNREACHABLE_CODE = YES;
				CLANG_WARN__DUPLICATE_METHOD_MATCH = YES;
				"CODE_SIGN_IDENTITY[sdk=iphoneos*]" = "iPhone Developer";
				COPY_PHASE_STRIP = NO;
				DEBUG_INFORMATION_FORMAT = "dwarf-with-dsym";
				ENABLE_NS_ASSERTIONS = NO;
				ENABLE_STRICT_OBJC_MSGSEND = YES;
				GCC_C_LANGUAGE_STANDARD = gnu99;
				GCC_NO_COMMON_BLOCKS = YES;
				GCC_WARN_64_TO_32_BIT_CONVERSION = YES;
				GCC_WARN_ABOUT_RETURN_TYPE = YES_ERROR;
				GCC_WARN_UNDECLARED_SELECTOR = YES;
				GCC_WARN_UNINITIALIZED_AUTOS = YES_AGGRESSIVE;
				GCC_WARN_UNUSED_FUNCTION = YES;
				GCC_WARN_UNUSED_VARIABLE = YES;
				IPHONEOS_DEPLOYMENT_TARGET = 10.2;
				MTL_ENABLE_DEBUG_INFO = NO;
				SDKROOT = iphoneos;
				SWIFT_OPTIMIZATION_LEVEL = "-Owholemodule";
				VALIDATE_PRODUCT = YES;
			};
			name = Release;
		};
		67FB99041E977C120078BC0F /* Debug */ = {
			isa = XCBuildConfiguration;
			baseConfigurationReference = B1AB444EB1BE563BAF22638A /* Pods-ChatApp.debug.xcconfig */;
			buildSettings = {
				ASSETCATALOG_COMPILER_APPICON_NAME = AppIcon;
				INFOPLIST_FILE = ChatApp/Info.plist;
				LD_RUNPATH_SEARCH_PATHS = "$(inherited) @executable_path/Frameworks";
				PRODUCT_BUNDLE_IDENTIFIER = maxkey.ChatApp;
				PRODUCT_NAME = "$(TARGET_NAME)";
				SWIFT_VERSION = 3.0;
			};
			name = Debug;
		};
		67FB99051E977C120078BC0F /* Release */ = {
			isa = XCBuildConfiguration;
			baseConfigurationReference = F121E5B5C0E75805B41C6BF6 /* Pods-ChatApp.release.xcconfig */;
			buildSettings = {
				ASSETCATALOG_COMPILER_APPICON_NAME = AppIcon;
				INFOPLIST_FILE = ChatApp/Info.plist;
				LD_RUNPATH_SEARCH_PATHS = "$(inherited) @executable_path/Frameworks";
				PRODUCT_BUNDLE_IDENTIFIER = maxkey.ChatApp;
				PRODUCT_NAME = "$(TARGET_NAME)";
				SWIFT_VERSION = 3.0;
			};
			name = Release;
		};
/* End XCBuildConfiguration section */

/* Begin XCConfigurationList section */
		67FB98EC1E977C120078BC0F /* Build configuration list for PBXProject "ChatApp" */ = {
			isa = XCConfigurationList;
			buildConfigurations = (
				67FB99011E977C120078BC0F /* Debug */,
				67FB99021E977C120078BC0F /* Release */,
			);
			defaultConfigurationIsVisible = 0;
			defaultConfigurationName = Release;
		};
		67FB99031E977C120078BC0F /* Build configuration list for PBXNativeTarget "ChatApp" */ = {
			isa = XCConfigurationList;
			buildConfigurations = (
				67FB99041E977C120078BC0F /* Debug */,
				67FB99051E977C120078BC0F /* Release */,
			);
			defaultConfigurationIsVisible = 0;
			defaultConfigurationName = Release;
		};
/* End XCConfigurationList section */
	};
	rootObject = 67FB98E91E977C120078BC0F /* Project object */;
}
